PODS:
  - boost (1.76.0)
  - DoubleConversion (1.1.6)
  - FBLazyVector (0.72.2)
  - FBReactNativeSpec (0.72.2):
    - RCT-Folly (= 2021.07.22.00)
    - RCTRequired (= 0.72.2)
    - RCTTypeSafety (= 0.72.2)
    - React-Core (= 0.72.2)
    - React-jsi (= 0.72.2)
    - ReactCommon/turbomodule/core (= 0.72.2)
  - fmt (6.2.1)
  - glog (0.3.5)
  - RCT-Folly (2021.07.22.00):
    - boost
    - DoubleConversion
    - fmt (~> 6.2.1)
    - glog
    - RCT-Folly/Default (= 2021.07.22.00)
  - RCT-Folly/Default (2021.07.22.00):
    - boost
    - DoubleConversion
    - fmt (~> 6.2.1)
    - glog
  - RCTRequired (0.72.2)
  - RCTTypeSafety (0.72.2):
    - FBLazyVector (= 0.72.2)
    - RCTRequired (= 0.72.2)
    - React-Core (= 0.72.2)
  - React (0.72.2):
    - React-Core (= 0.72.2)
    - React-Core/DevSupport (= 0.72.2)
    - React-Core/RCTWebSocket (= 0.72.2)
    - React-RCTActionSheet (= 0.72.2)
    - React-RCTAnimation (= 0.72.2)
    - React-RCTBlob (= 0.72.2)
    - React-RCTImage (= 0.72.2)
    - React-RCTLinking (= 0.72.2)
    - React-RCTNetwork (= 0.72.2)
    - React-RCTSettings (= 0.72.2)
    - React-RCTText (= 0.72.2)
    - React-RCTVibration (= 0.72.2)
  - React-callinvoker (0.72.2)
  - React-Codegen (0.72.2):
    - DoubleConversion
    - FBReactNativeSpec
    - glog
    - RCT-Folly
    - RCTRequired
    - RCTTypeSafety
    - React-Core
    - React-jsc
    - React-jsi
    - React-jsiexecutor
    - React-NativeModulesApple
    - React-rncore
    - ReactCommon/turbomodule/bridging
    - ReactCommon/turbomodule/core
  - React-Core (0.72.2):
    - glog
    - RCT-Folly (= 2021.07.22.00)
    - React-Core/Default (= 0.72.2)
    - React-cxxreact
    - React-jsc
    - React-jsi
    - React-jsiexecutor
    - React-perflogger
    - React-runtimeexecutor
    - React-utils
    - SocketRocket (= 0.7.0)
    - Yoga
  - React-Core/CoreModulesHeaders (0.72.2):
    - glog
    - RCT-Folly (= 2021.07.22.00)
    - React-Core/Default
    - React-cxxreact
    - React-jsc
    - React-jsi
    - React-jsiexecutor
    - React-perflogger
    - React-runtimeexecutor
    - React-utils
    - SocketRocket (= 0.7.0)
    - Yoga
  - React-Core/Default (0.72.2):
    - glog
    - RCT-Folly (= 2021.07.22.00)
    - React-cxxreact
    - React-jsc
    - React-jsi
    - React-jsiexecutor
    - React-perflogger
    - React-runtimeexecutor
    - React-utils
    - SocketRocket (= 0.7.0)
    - Yoga
  - React-Core/DevSupport (0.72.2):
    - glog
    - RCT-Folly (= 2021.07.22.00)
    - React-Core/Default (= 0.72.2)
    - React-Core/RCTWebSocket (= 0.72.2)
    - React-cxxreact
    - React-jsc
    - React-jsi
    - React-jsiexecutor
    - React-jsinspector (= 0.72.2)
    - React-perflogger
    - React-runtimeexecutor
    - React-utils
    - SocketRocket (= 0.7.0)
    - Yoga
  - React-Core/RCTActionSheetHeaders (0.72.2):
    - glog
    - RCT-Folly (= 2021.07.22.00)
    - React-Core/Default
    - React-cxxreact
    - React-jsc
    - React-jsi
    - React-jsiexecutor
    - React-perflogger
    - React-runtimeexecutor
    - React-utils
    - SocketRocket (= 0.7.0)
    - Yoga
  - React-Core/RCTAnimationHeaders (0.72.2):
    - glog
    - RCT-Folly (= 2021.07.22.00)
    - React-Core/Default
    - React-cxxreact
    - React-jsc
    - React-jsi
    - React-jsiexecutor
    - React-perflogger
    - React-runtimeexecutor
    - React-utils
    - SocketRocket (= 0.7.0)
    - Yoga
  - React-Core/RCTBlobHeaders (0.72.2):
    - glog
    - RCT-Folly (= 2021.07.22.00)
    - React-Core/Default
    - React-cxxreact
    - React-jsc
    - React-jsi
    - React-jsiexecutor
    - React-perflogger
    - React-runtimeexecutor
    - React-utils
    - SocketRocket (= 0.7.0)
    - Yoga
  - React-Core/RCTImageHeaders (0.72.2):
    - glog
    - RCT-Folly (= 2021.07.22.00)
    - React-Core/Default
    - React-cxxreact
    - React-jsc
    - React-jsi
    - React-jsiexecutor
    - React-perflogger
    - React-runtimeexecutor
    - React-utils
    - SocketRocket (= 0.7.0)
    - Yoga
  - React-Core/RCTLinkingHeaders (0.72.2):
    - glog
    - RCT-Folly (= 2021.07.22.00)
    - React-Core/Default
    - React-cxxreact
    - React-jsc
    - React-jsi
    - React-jsiexecutor
    - React-perflogger
    - React-runtimeexecutor
    - React-utils
    - SocketRocket (= 0.7.0)
    - Yoga
  - React-Core/RCTNetworkHeaders (0.72.2):
    - glog
    - RCT-Folly (= 2021.07.22.00)
    - React-Core/Default
    - React-cxxreact
    - React-jsc
    - React-jsi
    - React-jsiexecutor
    - React-perflogger
    - React-runtimeexecutor
    - React-utils
    - SocketRocket (= 0.7.0)
    - Yoga
  - React-Core/RCTSettingsHeaders (0.72.2):
    - glog
    - RCT-Folly (= 2021.07.22.00)
    - React-Core/Default
    - React-cxxreact
    - React-jsc
    - React-jsi
    - React-jsiexecutor
    - React-perflogger
    - React-runtimeexecutor
    - React-utils
    - SocketRocket (= 0.7.0)
    - Yoga
  - React-Core/RCTTextHeaders (0.72.2):
    - glog
    - RCT-Folly (= 2021.07.22.00)
    - React-Core/Default
    - React-cxxreact
    - React-jsc
    - React-jsi
    - React-jsiexecutor
    - React-perflogger
    - React-runtimeexecutor
    - React-utils
    - SocketRocket (= 0.7.0)
    - Yoga
  - React-Core/RCTVibrationHeaders (0.72.2):
    - glog
    - RCT-Folly (= 2021.07.22.00)
    - React-Core/Default
    - React-cxxreact
    - React-jsc
    - React-jsi
    - React-jsiexecutor
    - React-perflogger
    - React-runtimeexecutor
    - React-utils
    - SocketRocket (= 0.7.0)
    - Yoga
  - React-Core/RCTWebSocket (0.72.2):
    - glog
    - RCT-Folly (= 2021.07.22.00)
    - React-Core/Default (= 0.72.2)
    - React-cxxreact
    - React-jsc
    - React-jsi
    - React-jsiexecutor
    - React-perflogger
    - React-runtimeexecutor
    - React-utils
    - SocketRocket (= 0.7.0)
    - Yoga
  - React-CoreModules (0.72.2):
    - RCT-Folly (= 2021.07.22.00)
    - RCTTypeSafety (= 0.72.2)
    - React-Codegen (= 0.72.2)
    - React-Core/CoreModulesHeaders (= 0.72.2)
    - React-jsi (= 0.72.2)
    - React-RCTBlob
    - React-RCTImage (= 0.72.2)
    - ReactCommon/turbomodule/core (= 0.72.2)
    - SocketRocket (= 0.7.0)
  - React-cxxreact (0.72.2):
    - boost (= 1.76.0)
    - DoubleConversion
    - glog
    - RCT-Folly (= 2021.07.22.00)
    - React-callinvoker (= 0.72.2)
    - React-debug (= 0.72.2)
    - React-jsi (= 0.72.2)
    - React-jsinspector (= 0.72.2)
    - React-logger (= 0.72.2)
    - React-perflogger (= 0.72.2)
    - React-runtimeexecutor (= 0.72.2)
  - React-debug (0.72.2)
  - React-jsc (0.72.2):
    - React-jsc/Fabric (= 0.72.2)
    - React-jsi (= 0.72.2)
  - React-jsc/Fabric (0.72.2):
    - React-jsi (= 0.72.2)
  - React-jsi (0.72.2):
    - boost (= 1.76.0)
    - DoubleConversion
    - glog
    - RCT-Folly (= 2021.07.22.00)
  - React-jsiexecutor (0.72.2):
    - DoubleConversion
    - glog
    - RCT-Folly (= 2021.07.22.00)
    - React-cxxreact (= 0.72.2)
    - React-jsi (= 0.72.2)
    - React-perflogger (= 0.72.2)
  - React-jsinspector (0.72.2)
  - React-logger (0.72.2):
    - glog
  - React-NativeModulesApple (0.72.2):
    - React-callinvoker
    - React-Core
    - React-cxxreact
    - React-jsi
    - React-runtimeexecutor
    - ReactCommon/turbomodule/bridging
    - ReactCommon/turbomodule/core
  - React-perflogger (0.72.2)
  - React-RCTActionSheet (0.72.2):
    - React-Core/RCTActionSheetHeaders (= 0.72.2)
  - React-RCTAnimation (0.72.2):
    - RCT-Folly (= 2021.07.22.00)
    - RCTTypeSafety (= 0.72.2)
    - React-Codegen (= 0.72.2)
    - React-Core/RCTAnimationHeaders (= 0.72.2)
    - React-jsi (= 0.72.2)
    - ReactCommon/turbomodule/core (= 0.72.2)
  - React-RCTAppDelegate (0.72.2):
    - RCT-Folly
    - RCTRequired
    - RCTTypeSafety
    - React-Core
    - React-CoreModules
    - React-jsc
    - React-NativeModulesApple
    - React-RCTImage
    - React-RCTNetwork
    - React-runtimescheduler
    - ReactCommon/turbomodule/core
  - React-RCTBlob (0.72.2):
    - RCT-Folly (= 2021.07.22.00)
    - React-Codegen (= 0.72.2)
    - React-Core/RCTBlobHeaders (= 0.72.2)
    - React-Core/RCTWebSocket (= 0.72.2)
    - React-jsi (= 0.72.2)
    - React-RCTNetwork (= 0.72.2)
    - ReactCommon/turbomodule/core (= 0.72.2)
  - React-RCTImage (0.72.2):
    - RCT-Folly (= 2021.07.22.00)
    - RCTTypeSafety (= 0.72.2)
    - React-Codegen (= 0.72.2)
    - React-Core/RCTImageHeaders (= 0.72.2)
    - React-jsi (= 0.72.2)
    - React-RCTNetwork (= 0.72.2)
    - ReactCommon/turbomodule/core (= 0.72.2)
  - React-RCTLinking (0.72.2):
    - React-Codegen (= 0.72.2)
    - React-Core/RCTLinkingHeaders (= 0.72.2)
    - React-jsi (= 0.72.2)
    - ReactCommon/turbomodule/core (= 0.72.2)
  - React-RCTNetwork (0.72.2):
    - RCT-Folly (= 2021.07.22.00)
    - RCTTypeSafety (= 0.72.2)
    - React-Codegen (= 0.72.2)
    - React-Core/RCTNetworkHeaders (= 0.72.2)
    - React-jsi (= 0.72.2)
    - ReactCommon/turbomodule/core (= 0.72.2)
  - React-RCTSettings (0.72.2):
    - RCT-Folly (= 2021.07.22.00)
    - RCTTypeSafety (= 0.72.2)
    - React-Codegen (= 0.72.2)
    - React-Core/RCTSettingsHeaders (= 0.72.2)
    - React-jsi (= 0.72.2)
    - ReactCommon/turbomodule/core (= 0.72.2)
  - React-RCTText (0.72.2):
    - React-Core/RCTTextHeaders (= 0.72.2)
  - React-RCTVibration (0.72.2):
    - RCT-Folly (= 2021.07.22.00)
    - React-Codegen (= 0.72.2)
    - React-Core/RCTVibrationHeaders (= 0.72.2)
    - React-jsi (= 0.72.2)
    - ReactCommon/turbomodule/core (= 0.72.2)
  - React-rncore (0.72.2)
  - React-runtimeexecutor (0.72.2):
    - React-jsi (= 0.72.2)
  - React-runtimescheduler (0.72.2):
    - glog
    - RCT-Folly (= 2021.07.22.00)
    - React-callinvoker
    - React-debug
    - React-jsi
    - React-runtimeexecutor
  - React-utils (0.72.2):
    - glog
    - RCT-Folly (= 2021.07.22.00)
    - React-debug
  - ReactCommon/turbomodule/bridging (0.72.2):
    - DoubleConversion
    - glog
    - RCT-Folly (= 2021.07.22.00)
    - React-callinvoker (= 0.72.2)
    - React-cxxreact (= 0.72.2)
    - React-jsi (= 0.72.2)
    - React-logger (= 0.72.2)
    - React-perflogger (= 0.72.2)
  - ReactCommon/turbomodule/core (0.72.2):
    - DoubleConversion
    - glog
    - RCT-Folly (= 2021.07.22.00)
    - React-callinvoker (= 0.72.2)
    - React-cxxreact (= 0.72.2)
    - React-jsi (= 0.72.2)
    - React-logger (= 0.72.2)
    - React-perflogger (= 0.72.2)
  - RNGestureHandler (2.12.0):
    - React-Core
  - RNReanimated (3.5.4):
    - DoubleConversion
    - FBLazyVector
    - glog
    - RCT-Folly
    - RCTRequired
    - RCTTypeSafety
    - React-callinvoker
    - React-Core
    - React-Core/DevSupport
    - React-Core/RCTWebSocket
    - React-CoreModules
    - React-cxxreact
    - React-jsi
    - React-jsiexecutor
    - React-jsinspector
    - React-RCTActionSheet
    - React-RCTAnimation
    - React-RCTAppDelegate
    - React-RCTBlob
    - React-RCTImage
    - React-RCTLinking
    - React-RCTNetwork
    - React-RCTSettings
    - React-RCTText
    - ReactCommon/turbomodule/core
    - Yoga
  - SocketRocket (0.7.0)
  - Yoga (1.14.0)

DEPENDENCIES:
  - boost (from `../node_modules/react-native-macos/third-party-podspecs/boost.podspec`)
  - DoubleConversion (from `../node_modules/react-native-macos/third-party-podspecs/DoubleConversion.podspec`)
  - FBLazyVector (from `../node_modules/react-native-macos/Libraries/FBLazyVector`)
  - FBReactNativeSpec (from `../node_modules/react-native-macos/React/FBReactNativeSpec`)
  - glog (from `../node_modules/react-native-macos/third-party-podspecs/glog.podspec`)
  - RCT-Folly (from `../node_modules/react-native-macos/third-party-podspecs/RCT-Folly.podspec`)
  - RCTRequired (from `../node_modules/react-native-macos/Libraries/RCTRequired`)
  - RCTTypeSafety (from `../node_modules/react-native-macos/Libraries/TypeSafety`)
  - React (from `../node_modules/react-native-macos/`)
  - React-callinvoker (from `../node_modules/react-native-macos/ReactCommon/callinvoker`)
  - React-Codegen (from `build/generated/ios`)
  - React-Core (from `../node_modules/react-native-macos/`)
  - React-Core/RCTWebSocket (from `../node_modules/react-native-macos/`)
  - React-CoreModules (from `../node_modules/react-native-macos/React/CoreModules`)
  - React-cxxreact (from `../node_modules/react-native-macos/ReactCommon/cxxreact`)
  - React-debug (from `../node_modules/react-native-macos/ReactCommon/react/debug`)
  - React-jsc (from `../node_modules/react-native-macos/ReactCommon/jsc`)
  - React-jsi (from `../node_modules/react-native-macos/ReactCommon/jsi`)
  - React-jsiexecutor (from `../node_modules/react-native-macos/ReactCommon/jsiexecutor`)
  - React-jsinspector (from `../node_modules/react-native-macos/ReactCommon/jsinspector`)
  - React-logger (from `../node_modules/react-native-macos/ReactCommon/logger`)
  - React-NativeModulesApple (from `../node_modules/react-native-macos/ReactCommon/react/nativemodule/core/platform/ios`)
  - React-perflogger (from `../node_modules/react-native-macos/ReactCommon/reactperflogger`)
  - React-RCTActionSheet (from `../node_modules/react-native-macos/Libraries/ActionSheetIOS`)
  - React-RCTAnimation (from `../node_modules/react-native-macos/Libraries/NativeAnimation`)
  - React-RCTAppDelegate (from `../node_modules/react-native-macos/Libraries/AppDelegate`)
  - React-RCTBlob (from `../node_modules/react-native-macos/Libraries/Blob`)
  - React-RCTImage (from `../node_modules/react-native-macos/Libraries/Image`)
  - React-RCTLinking (from `../node_modules/react-native-macos/Libraries/LinkingIOS`)
  - React-RCTNetwork (from `../node_modules/react-native-macos/Libraries/Network`)
  - React-RCTSettings (from `../node_modules/react-native-macos/Libraries/Settings`)
  - React-RCTText (from `../node_modules/react-native-macos/Libraries/Text`)
  - React-RCTVibration (from `../node_modules/react-native-macos/Libraries/Vibration`)
  - React-rncore (from `../node_modules/react-native-macos/ReactCommon`)
  - React-runtimeexecutor (from `../node_modules/react-native-macos/ReactCommon/runtimeexecutor`)
  - React-runtimescheduler (from `../node_modules/react-native-macos/ReactCommon/react/renderer/runtimescheduler`)
  - React-utils (from `../node_modules/react-native-macos/ReactCommon/react/utils`)
  - ReactCommon/turbomodule/core (from `../node_modules/react-native-macos/ReactCommon`)
  - RNGestureHandler (from `../node_modules/react-native-gesture-handler`)
  - RNReanimated (from `../node_modules/react-native-reanimated`)
  - Yoga (from `../node_modules/react-native-macos/ReactCommon/yoga`)

SPEC REPOS:
  trunk:
    - fmt
    - SocketRocket

EXTERNAL SOURCES:
  boost:
    :podspec: "../node_modules/react-native-macos/third-party-podspecs/boost.podspec"
  DoubleConversion:
    :podspec: "../node_modules/react-native-macos/third-party-podspecs/DoubleConversion.podspec"
  FBLazyVector:
    :path: "../node_modules/react-native-macos/Libraries/FBLazyVector"
  FBReactNativeSpec:
    :path: "../node_modules/react-native-macos/React/FBReactNativeSpec"
  glog:
    :podspec: "../node_modules/react-native-macos/third-party-podspecs/glog.podspec"
  RCT-Folly:
    :podspec: "../node_modules/react-native-macos/third-party-podspecs/RCT-Folly.podspec"
  RCTRequired:
    :path: "../node_modules/react-native-macos/Libraries/RCTRequired"
  RCTTypeSafety:
    :path: "../node_modules/react-native-macos/Libraries/TypeSafety"
  React:
    :path: "../node_modules/react-native-macos/"
  React-callinvoker:
    :path: "../node_modules/react-native-macos/ReactCommon/callinvoker"
  React-Codegen:
    :path: build/generated/ios
  React-Core:
    :path: "../node_modules/react-native-macos/"
  React-CoreModules:
    :path: "../node_modules/react-native-macos/React/CoreModules"
  React-cxxreact:
    :path: "../node_modules/react-native-macos/ReactCommon/cxxreact"
  React-debug:
    :path: "../node_modules/react-native-macos/ReactCommon/react/debug"
  React-jsc:
    :path: "../node_modules/react-native-macos/ReactCommon/jsc"
  React-jsi:
    :path: "../node_modules/react-native-macos/ReactCommon/jsi"
  React-jsiexecutor:
    :path: "../node_modules/react-native-macos/ReactCommon/jsiexecutor"
  React-jsinspector:
    :path: "../node_modules/react-native-macos/ReactCommon/jsinspector"
  React-logger:
    :path: "../node_modules/react-native-macos/ReactCommon/logger"
  React-NativeModulesApple:
    :path: "../node_modules/react-native-macos/ReactCommon/react/nativemodule/core/platform/ios"
  React-perflogger:
    :path: "../node_modules/react-native-macos/ReactCommon/reactperflogger"
  React-RCTActionSheet:
    :path: "../node_modules/react-native-macos/Libraries/ActionSheetIOS"
  React-RCTAnimation:
    :path: "../node_modules/react-native-macos/Libraries/NativeAnimation"
  React-RCTAppDelegate:
    :path: "../node_modules/react-native-macos/Libraries/AppDelegate"
  React-RCTBlob:
    :path: "../node_modules/react-native-macos/Libraries/Blob"
  React-RCTImage:
    :path: "../node_modules/react-native-macos/Libraries/Image"
  React-RCTLinking:
    :path: "../node_modules/react-native-macos/Libraries/LinkingIOS"
  React-RCTNetwork:
    :path: "../node_modules/react-native-macos/Libraries/Network"
  React-RCTSettings:
    :path: "../node_modules/react-native-macos/Libraries/Settings"
  React-RCTText:
    :path: "../node_modules/react-native-macos/Libraries/Text"
  React-RCTVibration:
    :path: "../node_modules/react-native-macos/Libraries/Vibration"
  React-rncore:
    :path: "../node_modules/react-native-macos/ReactCommon"
  React-runtimeexecutor:
    :path: "../node_modules/react-native-macos/ReactCommon/runtimeexecutor"
  React-runtimescheduler:
    :path: "../node_modules/react-native-macos/ReactCommon/react/renderer/runtimescheduler"
  React-utils:
    :path: "../node_modules/react-native-macos/ReactCommon/react/utils"
  ReactCommon:
    :path: "../node_modules/react-native-macos/ReactCommon"
  RNGestureHandler:
    :path: "../node_modules/react-native-gesture-handler"
  RNReanimated:
    :path: "../node_modules/react-native-reanimated"
  Yoga:
    :path: "../node_modules/react-native-macos/ReactCommon/yoga"

SPEC CHECKSUMS:
  boost: 8fa3cd00fa17ef6c3221e5fd283fa93e81d23017
  DoubleConversion: acaf5db79676d2e9119015819153f0f99191de12
  FBLazyVector: 839043eb1dbffd9738691a562da07f810fed0260
  FBReactNativeSpec: 4ccf8b03a1ccc7cd8cef560aef30f86c7ac43d9c
  fmt: ff9d55029c625d3757ed641535fd4a75fedc7ce9
  glog: 6df0a3d6e2750a50609471fd1a01fd2948d405b5
  RCT-Folly: bf7b4921a91932051ebf1c5c2d297154b1fa3c8c
  RCTRequired: 33469d57b731d237b86cbf11283574410c287b7c
  RCTTypeSafety: 864a277b3f8d698258d555536bb8a2429a2e0c31
  React: 76093826489650c22420adb2b88463740cc57743
  React-callinvoker: ea7a22fde65792474f3eb07524b52fb0f0eb5741
  React-Codegen: 5189015cce7ba0420c46fae05507b66879a6a5d3
  React-Core: e358fd9abf9dcb57b22b76fa41ffb866a0d59486
  React-CoreModules: f764b1a381ff9a57befded13f687d1cc9bd0edbb
  React-cxxreact: f67f189d22d5518cfbd9dc94942b8ffbe6e26dbd
  React-debug: e4c92b780832c8e4d38af15760278b13160b8814
  React-jsc: 8fc477b80b000524ff0d6dba811d54d3bda6daa9
  React-jsi: d6f932558474bf8dfa2e2b0e97747bc3438ffaf0
  React-jsiexecutor: 96331b59c627d93ecb3376fcfa56741643b7af7e
  React-jsinspector: 849440a8d7cfb415187bb77e0d4151ab5668540b
  React-logger: 7c2ad6664cbd934fbf642c9db18dac1055c45645
  React-NativeModulesApple: 75e916ad32053cfef7d84f764c3d6be963693bc0
  React-perflogger: 5bce1a8f0b2d95e588398ee02cedc3f1ff55bf32
  React-RCTActionSheet: 3ba260c33a46c42fa3f5ab303960518423aeb15b
  React-RCTAnimation: 3ab4502b3418366c284bc2fc91c3bb1920efe7bd
  React-RCTAppDelegate: 37749001e72930c1bc4e6ef47acddef58117975d
  React-RCTBlob: f982a2ed1d94d2b3b088e314e12f3e3aa390a043
  React-RCTImage: 1743ace1996453294dadaf0abacd492e7481949f
  React-RCTLinking: 6202f81ea7d1db02b220059afefce43e89339260
  React-RCTNetwork: 44e8ef0f5dfea04a73538d8fdb217dbcd73bec37
  React-RCTSettings: 9f58735f42cc7e108b3ea15cf94f2454141370d8
  React-RCTText: 61e6fe6987571e557b8f7736e4a688fa730a1278
  React-RCTVibration: 71e920d78c67a9ae930d0622c13d38eac436c0f3
  React-rncore: 4d834536a8c6b84b44cfb204f3c5add110481f10
  React-runtimeexecutor: aa843484a5c76ad534d8458c389d959c972583c0
  React-runtimescheduler: d609a7abf46689c85bce56a6936b327adb32aa92
  React-utils: 3f4be6ba98b184442083c5dc80658dc661ad4118
  ReactCommon: 3f3e706e2fa5bbd9ebf3b1efb7d7c663a63b1d1b
  RNGestureHandler: f97b79f6372b46ee5bd0144a163b276f334ae3f4
  RNReanimated: bdadbf5322d7894bb6016985d8ae5c9ed5fc83d0
  SocketRocket: abac6f5de4d4d62d24e11868d7a2f427e0ef940d
  Yoga: 562c5975cc58a59ee5ec94eba96f8f59fa09c635

PODFILE CHECKSUM: 9973d9c0bf52a16d11b555d5940f0eb75292b86a

COCOAPODS: 1.13.0
